
Microsoft Visual Studio Solution File, Format Version 12.00
# Visual Studio Version 17
VisualStudioVersion = 17.6.33829.357
MinimumVisualStudioVersion = 10.0.40219.1
Project("{FAE04EC0-301F-11D3-BF4B-00C04F79EFBC}") = "RateApp", "RateApp\RateApp.csproj", "{BBD51B08-0A86-46BC-B0DE-ABF25462962D}"
EndProject
Global
	GlobalSection(SolutionConfigurationPlatforms) = preSolution
		Debug|Any CPU = Debug|Any CPU
		Release|Any CPU = Release|Any CPU
	EndGlobalSection
	GlobalSection(ProjectConfigurationPlatforms) = postSolution
		{BBD51B08-0A86-46BC-B0DE-ABF25462962D}.Debug|Any CPU.ActiveCfg = Debug|Any CPU
		{BBD51B08-0A86-46BC-B0DE-ABF25462962D}.Debug|Any CPU.Build.0 = Debug|Any CPU
		{BBD51B08-0A86-46BC-B0DE-ABF25462962D}.Debug|Any CPU.Deploy.0 = Debug|Any CPU
		{BBD51B08-0A86-46BC-B0DE-ABF25462962D}.Release|Any CPU.ActiveCfg = Release|Any CPU
		{BBD51B08-0A86-46BC-B0DE-ABF25462962D}.Release|Any CPU.Build.0 = Release|Any CPU
		{BBD51B08-0A86-46BC-B0DE-ABF25462962D}.Release|Any CPU.Deploy.0 = Release|Any CPU
	EndGlobalSection
	GlobalSection(SolutionProperties) = preSolution
		HideSolutionNode = FALSE
	EndGlobalSection
	GlobalSection(ExtensibilityGlobals) = postSolution
		SolutionGuid = {F967A260-514E-4186-AE91-0E84D84AF9B6}
	EndGlobalSection
EndGlobal
